
Microsoft Visual Studio Solution File, Format Version 12.00
# Visual Studio 15
VisualStudioVersion = 15.0.28307.329
MinimumVisualStudioVersion = 10.0.40219.1
Project("{FAE04EC0-301F-11D3-BF4B-00C04F79EFBC}") = "dotnet-fs", "dotnet-fs\dotnet-fs.csproj", "{A8CABF4F-D003-41D9-8DC7-513CA07CFA6F}"
EndProject
Global
	GlobalSection(SolutionConfigurationPlatforms) = preSolution
		Debug|Any CPU = Debug|Any CPU
		Release|Any CPU = Release|Any CPU
	EndGlobalSection
	GlobalSection(ProjectConfigurationPlatforms) = postSolution
		{A8CABF4F-D003-41D9-8DC7-513CA07CFA6F}.Debug|Any CPU.ActiveCfg = Debug|Any CPU
		{A8CABF4F-D003-41D9-8DC7-513CA07CFA6F}.Debug|Any CPU.Build.0 = Debug|Any CPU
		{A8CABF4F-D003-41D9-8DC7-513CA07CFA6F}.Release|Any CPU.ActiveCfg = Release|Any CPU
		{A8CABF4F-D003-41D9-8DC7-513CA07CFA6F}.Release|Any CPU.Build.0 = Release|Any CPU
	EndGlobalSection
	GlobalSection(SolutionProperties) = preSolution
		HideSolutionNode = FALSE
	EndGlobalSection
	GlobalSection(ExtensibilityGlobals) = postSolution
		SolutionGuid = {8912A996-6124-4C68-A245-FCA06E86CE2B}
	EndGlobalSection
EndGlobal
